
Microsoft Visual Studio Solution File, Format Version 12.00
# Visual Studio Version 17
VisualStudioVersion = 17.2.32526.322
MinimumVisualStudioVersion = 10.0.40219.1
Project("{9A19103F-16F7-4668-BE54-9A1E7A4F7556}") = "PersonalWebsite", "Core_Proje\PersonalWebsite.csproj", "{343E4AA1-F403-4A6D-B92C-58B16F75660B}"
EndProject
Project("{9A19103F-16F7-4668-BE54-9A1E7A4F7556}") = "BusinessLayer", "BusinessLayer\BusinessLayer.csproj", "{DBB1EE64-109D-44DA-898F-B76E05B19C30}"
EndProject
Project("{9A19103F-16F7-4668-BE54-9A1E7A4F7556}") = "DataAccesLayer", "DataAccesLayer\DataAccesLayer.csproj", "{3CF5398E-2CED-45B7-8C67-00F21898FD7E}"
EndProject
Project("{9A19103F-16F7-4668-BE54-9A1E7A4F7556}") = "EntityLayer", "EntityLayer\EntityLayer.csproj", "{B6169F25-E626-4972-8CA6-25743615CCAD}"
EndProject
Project("{FAE04EC0-301F-11D3-BF4B-00C04F79EFBC}") = "Core_Proje_Api", "Core_Proje_Api\Core_Proje_Api.csproj", "{D4DE4E33-1357-40DE-83A2-20603E93B451}"
EndProject
Global
	GlobalSection(SolutionConfigurationPlatforms) = preSolution
		Debug|Any CPU = Debug|Any CPU
		Release|Any CPU = Release|Any CPU
	EndGlobalSection
	GlobalSection(ProjectConfigurationPlatforms) = postSolution
		{343E4AA1-F403-4A6D-B92C-58B16F75660B}.Debug|Any CPU.ActiveCfg = Debug|Any CPU
		{343E4AA1-F403-4A6D-B92C-58B16F75660B}.Debug|Any CPU.Build.0 = Debug|Any CPU
		{343E4AA1-F403-4A6D-B92C-58B16F75660B}.Release|Any CPU.ActiveCfg = Release|Any CPU
		{343E4AA1-F403-4A6D-B92C-58B16F75660B}.Release|Any CPU.Build.0 = Release|Any CPU
		{DBB1EE64-109D-44DA-898F-B76E05B19C30}.Debug|Any CPU.ActiveCfg = Debug|Any CPU
		{DBB1EE64-109D-44DA-898F-B76E05B19C30}.Debug|Any CPU.Build.0 = Debug|Any CPU
		{DBB1EE64-109D-44DA-898F-B76E05B19C30}.Release|Any CPU.ActiveCfg = Release|Any CPU
		{DBB1EE64-109D-44DA-898F-B76E05B19C30}.Release|Any CPU.Build.0 = Release|Any CPU
		{3CF5398E-2CED-45B7-8C67-00F21898FD7E}.Debug|Any CPU.ActiveCfg = Debug|Any CPU
		{3CF5398E-2CED-45B7-8C67-00F21898FD7E}.Debug|Any CPU.Build.0 = Debug|Any CPU
		{3CF5398E-2CED-45B7-8C67-00F21898FD7E}.Release|Any CPU.ActiveCfg = Release|Any CPU
		{3CF5398E-2CED-45B7-8C67-00F21898FD7E}.Release|Any CPU.Build.0 = Release|Any CPU
		{B6169F25-E626-4972-8CA6-25743615CCAD}.Debug|Any CPU.ActiveCfg = Debug|Any CPU
		{B6169F25-E626-4972-8CA6-25743615CCAD}.Debug|Any CPU.Build.0 = Debug|Any CPU
		{B6169F25-E626-4972-8CA6-25743615CCAD}.Release|Any CPU.ActiveCfg = Release|Any CPU
		{B6169F25-E626-4972-8CA6-25743615CCAD}.Release|Any CPU.Build.0 = Release|Any CPU
		{D4DE4E33-1357-40DE-83A2-20603E93B451}.Debug|Any CPU.ActiveCfg = Debug|Any CPU
		{D4DE4E33-1357-40DE-83A2-20603E93B451}.Debug|Any CPU.Build.0 = Debug|Any CPU
		{D4DE4E33-1357-40DE-83A2-20603E93B451}.Release|Any CPU.ActiveCfg = Release|Any CPU
		{D4DE4E33-1357-40DE-83A2-20603E93B451}.Release|Any CPU.Build.0 = Release|Any CPU
	EndGlobalSection
	GlobalSection(SolutionProperties) = preSolution
		HideSolutionNode = FALSE
	EndGlobalSection
	GlobalSection(ExtensibilityGlobals) = postSolution
		SolutionGuid = {E57E7D07-2017-42A1-9268-084E709D4370}
	EndGlobalSection
EndGlobal
